// !$*UTF8*$!
{
	archiveVersion = 1;
	classes = {
	};
	objectVersion = 56;
	objects = {

/* Begin PBXBuildFile section */
		762E4FB4BBFA4394F05FA7FD /* Pods_basicNoteApp.framework in Frameworks */ = {isa = PBXBuildFile; fileRef = 37D597434511FAAAD4640FE2 /* Pods_basicNoteApp.framework */; };
		970A67112A7C988000FA46AE /* ProfileViewModel.swift in Sources */ = {isa = PBXBuildFile; fileRef = 970A67102A7C988000FA46AE /* ProfileViewModel.swift */; };
		970A67132A7C989300FA46AE /* ProfileViewController.swift in Sources */ = {isa = PBXBuildFile; fileRef = 970A67122A7C989300FA46AE /* ProfileViewController.swift */; };
		970A67152A7CAC9500FA46AE /* ChangePasswordViewController.swift in Sources */ = {isa = PBXBuildFile; fileRef = 970A67142A7CAC9500FA46AE /* ChangePasswordViewController.swift */; };
		970A67172A7CACA100FA46AE /* ChangePasswordViewModel.swift in Sources */ = {isa = PBXBuildFile; fileRef = 970A67162A7CACA100FA46AE /* ChangePasswordViewModel.swift */; };
		970A671A2A7CB2C800FA46AE /* NoteCell.swift in Sources */ = {isa = PBXBuildFile; fileRef = 970A67192A7CB2C800FA46AE /* NoteCell.swift */; };
		973B95F22A77C53900C7E779 /* ButtonStackView.swift in Sources */ = {isa = PBXBuildFile; fileRef = 973B95F12A77C53900C7E779 /* ButtonStackView.swift */; };
		973B95F52A77CEC700C7E779 /* AuthTextField.swift in Sources */ = {isa = PBXBuildFile; fileRef = 973B95F42A77CEC700C7E779 /* AuthTextField.swift */; };
		973B95F82A77D08900C7E779 /* ForgotPasswordViewController.swift in Sources */ = {isa = PBXBuildFile; fileRef = 973B95F72A77D08900C7E779 /* ForgotPasswordViewController.swift */; };
		973B95FA2A77D09800C7E779 /* ForgotPasswordViewModel.swift in Sources */ = {isa = PBXBuildFile; fileRef = 973B95F92A77D09800C7E779 /* ForgotPasswordViewModel.swift */; };
		973B95FD2A787FA200C7E779 /* BaseViewController.swift in Sources */ = {isa = PBXBuildFile; fileRef = 973B95FC2A787FA200C7E779 /* BaseViewController.swift */; };
		973B95FF2A79D4FF00C7E779 /* Notes.swift in Sources */ = {isa = PBXBuildFile; fileRef = 973B95FE2A79D4FF00C7E779 /* Notes.swift */; };
		973B96062A79D55900C7E779 /* UserRequest.swift in Sources */ = {isa = PBXBuildFile; fileRef = 973B96052A79D55900C7E779 /* UserRequest.swift */; };
		973B96082A79D56900C7E779 /* GetMyNotesRequests.swift in Sources */ = {isa = PBXBuildFile; fileRef = 973B96072A79D56900C7E779 /* GetMyNotesRequests.swift */; };
		973B960A2A79D57800C7E779 /* RegisterRequest.swift in Sources */ = {isa = PBXBuildFile; fileRef = 973B96092A79D57800C7E779 /* RegisterRequest.swift */; };
		973B960C2A79D57E00C7E779 /* LoginRequest.swift in Sources */ = {isa = PBXBuildFile; fileRef = 973B960B2A79D57E00C7E779 /* LoginRequest.swift */; };
		973B960E2A79D58F00C7E779 /* GetNoteRequest.swift in Sources */ = {isa = PBXBuildFile; fileRef = 973B960D2A79D58F00C7E779 /* GetNoteRequest.swift */; };
		973B96112A79D5DB00C7E779 /* RequestProtocol.swift in Sources */ = {isa = PBXBuildFile; fileRef = 973B96102A79D5DB00C7E779 /* RequestProtocol.swift */; };
		973B96132A79D5E600C7E779 /* NetworkManager.swift in Sources */ = {isa = PBXBuildFile; fileRef = 973B96122A79D5E600C7E779 /* NetworkManager.swift */; };
		973B96152A79E16700C7E779 /* ErrorResponse.swift in Sources */ = {isa = PBXBuildFile; fileRef = 973B96142A79E16700C7E779 /* ErrorResponse.swift */; };
		973B96192A79F3E500C7E779 /* ForgotRequest.swift in Sources */ = {isa = PBXBuildFile; fileRef = 973B96182A79F3E500C7E779 /* ForgotRequest.swift */; };
		97A78FB92A7C1B6800F40C22 /* UIImage+Extensions.swift in Sources */ = {isa = PBXBuildFile; fileRef = 97A78FB82A7C1B6800F40C22 /* UIImage+Extensions.swift */; };
		97A78FBC2A7C255400F40C22 /* SearchBar.swift in Sources */ = {isa = PBXBuildFile; fileRef = 97A78FBB2A7C255400F40C22 /* SearchBar.swift */; };
		97A78FBF2A7C26D200F40C22 /* MainNavigationController.swift in Sources */ = {isa = PBXBuildFile; fileRef = 97A78FBE2A7C26D200F40C22 /* MainNavigationController.swift */; };
		97C0CFE22A80C12500EC77C8 /* ToastWarningView.swift in Sources */ = {isa = PBXBuildFile; fileRef = 97C0CFE12A80C12500EC77C8 /* ToastWarningView.swift */; };
		97C0CFE42A80C13600EC77C8 /* ToastPresenter.swift in Sources */ = {isa = PBXBuildFile; fileRef = 97C0CFE32A80C13600EC77C8 /* ToastPresenter.swift */; };
		97C0CFE72A80E86500EC77C8 /* AddNoteViewController.swift in Sources */ = {isa = PBXBuildFile; fileRef = 97C0CFE62A80E86500EC77C8 /* AddNoteViewController.swift */; };
		97C0CFE92A80E87000EC77C8 /* EditNoteViewController.swift in Sources */ = {isa = PBXBuildFile; fileRef = 97C0CFE82A80E87000EC77C8 /* EditNoteViewController.swift */; };
		97C0CFEB2A80E88F00EC77C8 /* AddNoteViewModel.swift in Sources */ = {isa = PBXBuildFile; fileRef = 97C0CFEA2A80E88F00EC77C8 /* AddNoteViewModel.swift */; };
		97C0CFED2A80E89E00EC77C8 /* EditNoteViewModel.swift in Sources */ = {isa = PBXBuildFile; fileRef = 97C0CFEC2A80E89E00EC77C8 /* EditNoteViewModel.swift */; };
		97C0CFEF2A80E8C300EC77C8 /* SignInViewModel.swift in Sources */ = {isa = PBXBuildFile; fileRef = 97C0CFEE2A80E8C300EC77C8 /* SignInViewModel.swift */; };
		97C546982A713B1F00F16CE1 /* BaseResponse.swift in Sources */ = {isa = PBXBuildFile; fileRef = 97C546972A713B1F00F16CE1 /* BaseResponse.swift */; };
		97C5469A2A713C0B00F16CE1 /* Auth.swift in Sources */ = {isa = PBXBuildFile; fileRef = 97C546992A713C0B00F16CE1 /* Auth.swift */; };
		97CAD5A32A5EAA1100ADB7B3 /* AppDelegate.swift in Sources */ = {isa = PBXBuildFile; fileRef = 97CAD5A22A5EAA1100ADB7B3 /* AppDelegate.swift */; };
		97CAD5A52A5EAA1100ADB7B3 /* SceneDelegate.swift in Sources */ = {isa = PBXBuildFile; fileRef = 97CAD5A42A5EAA1100ADB7B3 /* SceneDelegate.swift */; };
		97CAD5A72A5EAA1100ADB7B3 /* ViewController.swift in Sources */ = {isa = PBXBuildFile; fileRef = 97CAD5A62A5EAA1100ADB7B3 /* ViewController.swift */; };
		97CAD5AC2A5EAA1200ADB7B3 /* Assets.xcassets in Resources */ = {isa = PBXBuildFile; fileRef = 97CAD5AB2A5EAA1200ADB7B3 /* Assets.xcassets */; };
		97CAD5AF2A5EAA1200ADB7B3 /* LaunchScreen.storyboard in Resources */ = {isa = PBXBuildFile; fileRef = 97CAD5AD2A5EAA1200ADB7B3 /* LaunchScreen.storyboard */; };
		97CAD5BA2A5EDE5800ADB7B3 /* RegisterViewController.swift in Sources */ = {isa = PBXBuildFile; fileRef = 97CAD5B92A5EDE5800ADB7B3 /* RegisterViewController.swift */; };
		97CAD5BC2A5EDE6600ADB7B3 /* RegisterViewModel.swift in Sources */ = {isa = PBXBuildFile; fileRef = 97CAD5BB2A5EDE6600ADB7B3 /* RegisterViewModel.swift */; };
		97CAD5C02A6015EF00ADB7B3 /* TextField+Extensions.swift in Sources */ = {isa = PBXBuildFile; fileRef = 97CAD5BF2A6015EF00ADB7B3 /* TextField+Extensions.swift */; };
		97CAD5C72A6020D300ADB7B3 /* User.swift in Sources */ = {isa = PBXBuildFile; fileRef = 97CAD5C62A6020D300ADB7B3 /* User.swift */; };
		97CAD5CC2A6023B400ADB7B3 /* ValidationConstants.swift in Sources */ = {isa = PBXBuildFile; fileRef = 97CAD5CB2A6023B400ADB7B3 /* ValidationConstants.swift */; };
		97CAD5D22A606B3B00ADB7B3 /* HomeViewController.swift in Sources */ = {isa = PBXBuildFile; fileRef = 97CAD5D12A606B3B00ADB7B3 /* HomeViewController.swift */; };
		97CAD5D52A6143A600ADB7B3 /* SignInViewController.swift in Sources */ = {isa = PBXBuildFile; fileRef = 97CAD5D42A6143A600ADB7B3 /* SignInViewController.swift */; };
		97CAD5D72A614E4900ADB7B3 /* Keyboard+Extensions.swift in Sources */ = {isa = PBXBuildFile; fileRef = 97CAD5D62A614E4900ADB7B3 /* Keyboard+Extensions.swift */; };
		97CAD5DA2A61511400ADB7B3 /* InputValidator.swift in Sources */ = {isa = PBXBuildFile; fileRef = 97CAD5D92A61511400ADB7B3 /* InputValidator.swift */; };
/* End PBXBuildFile section */

/* Begin PBXFileReference section */
		37D597434511FAAAD4640FE2 /* Pods_basicNoteApp.framework */ = {isa = PBXFileReference; explicitFileType = wrapper.framework; includeInIndex = 0; path = Pods_basicNoteApp.framework; sourceTree = BUILT_PRODUCTS_DIR; };
		4C4BB222A86E6736BDAF9D0B /* Pods-basicNoteApp.release.xcconfig */ = {isa = PBXFileReference; includeInIndex = 1; lastKnownFileType = text.xcconfig; name = "Pods-basicNoteApp.release.xcconfig"; path = "Target Support Files/Pods-basicNoteApp/Pods-basicNoteApp.release.xcconfig"; sourceTree = "<group>"; };
		970A67102A7C988000FA46AE /* ProfileViewModel.swift */ = {isa = PBXFileReference; lastKnownFileType = sourcecode.swift; path = ProfileViewModel.swift; sourceTree = "<group>"; };
		970A67122A7C989300FA46AE /* ProfileViewController.swift */ = {isa = PBXFileReference; lastKnownFileType = sourcecode.swift; path = ProfileViewController.swift; sourceTree = "<group>"; };
		970A67142A7CAC9500FA46AE /* ChangePasswordViewController.swift */ = {isa = PBXFileReference; lastKnownFileType = sourcecode.swift; path = ChangePasswordViewController.swift; sourceTree = "<group>"; };
		970A67162A7CACA100FA46AE /* ChangePasswordViewModel.swift */ = {isa = PBXFileReference; lastKnownFileType = sourcecode.swift; path = ChangePasswordViewModel.swift; sourceTree = "<group>"; };
		970A67192A7CB2C800FA46AE /* NoteCell.swift */ = {isa = PBXFileReference; lastKnownFileType = sourcecode.swift; path = NoteCell.swift; sourceTree = "<group>"; };
		973B95F12A77C53900C7E779 /* ButtonStackView.swift */ = {isa = PBXFileReference; lastKnownFileType = sourcecode.swift; path = ButtonStackView.swift; sourceTree = "<group>"; };
		973B95F42A77CEC700C7E779 /* AuthTextField.swift */ = {isa = PBXFileReference; lastKnownFileType = sourcecode.swift; path = AuthTextField.swift; sourceTree = "<group>"; };
		973B95F72A77D08900C7E779 /* ForgotPasswordViewController.swift */ = {isa = PBXFileReference; lastKnownFileType = sourcecode.swift; path = ForgotPasswordViewController.swift; sourceTree = "<group>"; };
		973B95F92A77D09800C7E779 /* ForgotPasswordViewModel.swift */ = {isa = PBXFileReference; lastKnownFileType = sourcecode.swift; path = ForgotPasswordViewModel.swift; sourceTree = "<group>"; };
		973B95FC2A787FA200C7E779 /* BaseViewController.swift */ = {isa = PBXFileReference; lastKnownFileType = sourcecode.swift; path = BaseViewController.swift; sourceTree = "<group>"; };
		973B95FE2A79D4FF00C7E779 /* Notes.swift */ = {isa = PBXFileReference; lastKnownFileType = sourcecode.swift; path = Notes.swift; sourceTree = "<group>"; };
		973B96052A79D55900C7E779 /* UserRequest.swift */ = {isa = PBXFileReference; lastKnownFileType = sourcecode.swift; path = UserRequest.swift; sourceTree = "<group>"; };
		973B96072A79D56900C7E779 /* GetMyNotesRequests.swift */ = {isa = PBXFileReference; lastKnownFileType = sourcecode.swift; path = GetMyNotesRequests.swift; sourceTree = "<group>"; };
		973B96092A79D57800C7E779 /* RegisterRequest.swift */ = {isa = PBXFileReference; lastKnownFileType = sourcecode.swift; path = RegisterRequest.swift; sourceTree = "<group>"; };
		973B960B2A79D57E00C7E779 /* LoginRequest.swift */ = {isa = PBXFileReference; lastKnownFileType = sourcecode.swift; path = LoginRequest.swift; sourceTree = "<group>"; };
		973B960D2A79D58F00C7E779 /* GetNoteRequest.swift */ = {isa = PBXFileReference; lastKnownFileType = sourcecode.swift; path = GetNoteRequest.swift; sourceTree = "<group>"; };
		973B96102A79D5DB00C7E779 /* RequestProtocol.swift */ = {isa = PBXFileReference; lastKnownFileType = sourcecode.swift; path = RequestProtocol.swift; sourceTree = "<group>"; };
		973B96122A79D5E600C7E779 /* NetworkManager.swift */ = {isa = PBXFileReference; lastKnownFileType = sourcecode.swift; path = NetworkManager.swift; sourceTree = "<group>"; };
		973B96142A79E16700C7E779 /* ErrorResponse.swift */ = {isa = PBXFileReference; lastKnownFileType = sourcecode.swift; path = ErrorResponse.swift; sourceTree = "<group>"; };
		973B96182A79F3E500C7E779 /* ForgotRequest.swift */ = {isa = PBXFileReference; lastKnownFileType = sourcecode.swift; path = ForgotRequest.swift; sourceTree = "<group>"; };
		97A78FB82A7C1B6800F40C22 /* UIImage+Extensions.swift */ = {isa = PBXFileReference; lastKnownFileType = sourcecode.swift; path = "UIImage+Extensions.swift"; sourceTree = "<group>"; };
		97A78FBB2A7C255400F40C22 /* SearchBar.swift */ = {isa = PBXFileReference; lastKnownFileType = sourcecode.swift; path = SearchBar.swift; sourceTree = "<group>"; };
		97A78FBE2A7C26D200F40C22 /* MainNavigationController.swift */ = {isa = PBXFileReference; lastKnownFileType = sourcecode.swift; path = MainNavigationController.swift; sourceTree = "<group>"; };
		97C0CFE12A80C12500EC77C8 /* ToastWarningView.swift */ = {isa = PBXFileReference; lastKnownFileType = sourcecode.swift; path = ToastWarningView.swift; sourceTree = "<group>"; };
		97C0CFE32A80C13600EC77C8 /* ToastPresenter.swift */ = {isa = PBXFileReference; lastKnownFileType = sourcecode.swift; path = ToastPresenter.swift; sourceTree = "<group>"; };
		97C0CFE62A80E86500EC77C8 /* AddNoteViewController.swift */ = {isa = PBXFileReference; lastKnownFileType = sourcecode.swift; path = AddNoteViewController.swift; sourceTree = "<group>"; };
		97C0CFE82A80E87000EC77C8 /* EditNoteViewController.swift */ = {isa = PBXFileReference; lastKnownFileType = sourcecode.swift; path = EditNoteViewController.swift; sourceTree = "<group>"; };
		97C0CFEA2A80E88F00EC77C8 /* AddNoteViewModel.swift */ = {isa = PBXFileReference; lastKnownFileType = sourcecode.swift; path = AddNoteViewModel.swift; sourceTree = "<group>"; };
		97C0CFEC2A80E89E00EC77C8 /* EditNoteViewModel.swift */ = {isa = PBXFileReference; lastKnownFileType = sourcecode.swift; path = EditNoteViewModel.swift; sourceTree = "<group>"; };
		97C0CFEE2A80E8C300EC77C8 /* SignInViewModel.swift */ = {isa = PBXFileReference; lastKnownFileType = sourcecode.swift; path = SignInViewModel.swift; sourceTree = "<group>"; };
		97C546972A713B1F00F16CE1 /* BaseResponse.swift */ = {isa = PBXFileReference; lastKnownFileType = sourcecode.swift; path = BaseResponse.swift; sourceTree = "<group>"; };
		97C546992A713C0B00F16CE1 /* Auth.swift */ = {isa = PBXFileReference; lastKnownFileType = sourcecode.swift; path = Auth.swift; sourceTree = "<group>"; };
		97CAD59F2A5EAA1100ADB7B3 /* basicNoteApp.app */ = {isa = PBXFileReference; explicitFileType = wrapper.application; includeInIndex = 0; path = basicNoteApp.app; sourceTree = BUILT_PRODUCTS_DIR; };
		97CAD5A22A5EAA1100ADB7B3 /* AppDelegate.swift */ = {isa = PBXFileReference; lastKnownFileType = sourcecode.swift; path = AppDelegate.swift; sourceTree = "<group>"; };
		97CAD5A42A5EAA1100ADB7B3 /* SceneDelegate.swift */ = {isa = PBXFileReference; lastKnownFileType = sourcecode.swift; path = SceneDelegate.swift; sourceTree = "<group>"; };
		97CAD5A62A5EAA1100ADB7B3 /* ViewController.swift */ = {isa = PBXFileReference; lastKnownFileType = sourcecode.swift; path = ViewController.swift; sourceTree = "<group>"; };
		97CAD5AB2A5EAA1200ADB7B3 /* Assets.xcassets */ = {isa = PBXFileReference; lastKnownFileType = folder.assetcatalog; path = Assets.xcassets; sourceTree = "<group>"; };
		97CAD5AE2A5EAA1200ADB7B3 /* Base */ = {isa = PBXFileReference; lastKnownFileType = file.storyboard; name = Base; path = Base.lproj/LaunchScreen.storyboard; sourceTree = "<group>"; };
		97CAD5B02A5EAA1200ADB7B3 /* Info.plist */ = {isa = PBXFileReference; lastKnownFileType = text.plist.xml; path = Info.plist; sourceTree = "<group>"; };
		97CAD5B92A5EDE5800ADB7B3 /* RegisterViewController.swift */ = {isa = PBXFileReference; lastKnownFileType = sourcecode.swift; path = RegisterViewController.swift; sourceTree = "<group>"; };
		97CAD5BB2A5EDE6600ADB7B3 /* RegisterViewModel.swift */ = {isa = PBXFileReference; lastKnownFileType = sourcecode.swift; path = RegisterViewModel.swift; sourceTree = "<group>"; };
		97CAD5BF2A6015EF00ADB7B3 /* TextField+Extensions.swift */ = {isa = PBXFileReference; lastKnownFileType = sourcecode.swift; path = "TextField+Extensions.swift"; sourceTree = "<group>"; };
		97CAD5C62A6020D300ADB7B3 /* User.swift */ = {isa = PBXFileReference; lastKnownFileType = sourcecode.swift; path = User.swift; sourceTree = "<group>"; };
		97CAD5CB2A6023B400ADB7B3 /* ValidationConstants.swift */ = {isa = PBXFileReference; lastKnownFileType = sourcecode.swift; path = ValidationConstants.swift; sourceTree = "<group>"; };
		97CAD5D12A606B3B00ADB7B3 /* HomeViewController.swift */ = {isa = PBXFileReference; lastKnownFileType = sourcecode.swift; path = HomeViewController.swift; sourceTree = "<group>"; };
		97CAD5D42A6143A600ADB7B3 /* SignInViewController.swift */ = {isa = PBXFileReference; lastKnownFileType = sourcecode.swift; path = SignInViewController.swift; sourceTree = "<group>"; };
		97CAD5D62A614E4900ADB7B3 /* Keyboard+Extensions.swift */ = {isa = PBXFileReference; lastKnownFileType = sourcecode.swift; path = "Keyboard+Extensions.swift"; sourceTree = "<group>"; };
		97CAD5D92A61511400ADB7B3 /* InputValidator.swift */ = {isa = PBXFileReference; lastKnownFileType = sourcecode.swift; path = InputValidator.swift; sourceTree = "<group>"; };
		99000ED48CB989B31FD40F26 /* Pods-basicNoteApp.debug.xcconfig */ = {isa = PBXFileReference; includeInIndex = 1; lastKnownFileType = text.xcconfig; name = "Pods-basicNoteApp.debug.xcconfig"; path = "Target Support Files/Pods-basicNoteApp/Pods-basicNoteApp.debug.xcconfig"; sourceTree = "<group>"; };
/* End PBXFileReference section */

/* Begin PBXFrameworksBuildPhase section */
		97CAD59C2A5EAA1100ADB7B3 /* Frameworks */ = {
			isa = PBXFrameworksBuildPhase;
			buildActionMask = 2147483647;
			files = (
				762E4FB4BBFA4394F05FA7FD /* Pods_basicNoteApp.framework in Frameworks */,
			);
			runOnlyForDeploymentPostprocessing = 0;
		};
/* End PBXFrameworksBuildPhase section */

/* Begin PBXGroup section */
		34AF5DE55D02A0F010B3DD23 /* Pods */ = {
			isa = PBXGroup;
			children = (
				99000ED48CB989B31FD40F26 /* Pods-basicNoteApp.debug.xcconfig */,
				4C4BB222A86E6736BDAF9D0B /* Pods-basicNoteApp.release.xcconfig */,
			);
			path = Pods;
			sourceTree = "<group>";
		};
		6CDDE5FB18561C90D18A3775 /* Frameworks */ = {
			isa = PBXGroup;
			children = (
				37D597434511FAAAD4640FE2 /* Pods_basicNoteApp.framework */,
			);
			name = Frameworks;
			sourceTree = "<group>";
		};
		970A670D2A7C986B00FA46AE /* Profile */ = {
			isa = PBXGroup;
			children = (
				970A67102A7C988000FA46AE /* ProfileViewModel.swift */,
				970A67122A7C989300FA46AE /* ProfileViewController.swift */,
				970A67142A7CAC9500FA46AE /* ChangePasswordViewController.swift */,
				970A67162A7CACA100FA46AE /* ChangePasswordViewModel.swift */,
			);
			path = Profile;
			sourceTree = "<group>";
		};
		970A67182A7CB2B400FA46AE /* Cell */ = {
			isa = PBXGroup;
			children = (
				970A67192A7CB2C800FA46AE /* NoteCell.swift */,
			);
			path = Cell;
			sourceTree = "<group>";
		};
		973B95EF2A77C51800C7E779 /* UIComponents */ = {
			isa = PBXGroup;
			children = (
				97C0CFE02A80C10C00EC77C8 /* Toast */,
				970A67182A7CB2B400FA46AE /* Cell */,
				97A78FBA2A7C254800F40C22 /* SearchBar */,
				973B95F32A77CE9B00C7E779 /* UITextField */,
				973B95F02A77C52E00C7E779 /* Views */,
			);
			path = UIComponents;
			sourceTree = "<group>";
		};
		973B95F02A77C52E00C7E779 /* Views */ = {
			isa = PBXGroup;
			children = (
				973B95F12A77C53900C7E779 /* ButtonStackView.swift */,
			);
			path = Views;
			sourceTree = "<group>";
		};
		973B95F32A77CE9B00C7E779 /* UITextField */ = {
			isa = PBXGroup;
			children = (
				973B95F42A77CEC700C7E779 /* AuthTextField.swift */,
			);
			path = UITextField;
			sourceTree = "<group>";
		};
		973B95F62A77D06E00C7E779 /* ForgotPassword */ = {
			isa = PBXGroup;
			children = (
				973B95F72A77D08900C7E779 /* ForgotPasswordViewController.swift */,
				973B95F92A77D09800C7E779 /* ForgotPasswordViewModel.swift */,
			);
			path = ForgotPassword;
			sourceTree = "<group>";
		};
		973B95FB2A787F8F00C7E779 /* Base */ = {
			isa = PBXGroup;
			children = (
				973B95FC2A787FA200C7E779 /* BaseViewController.swift */,
				97A78FBE2A7C26D200F40C22 /* MainNavigationController.swift */,
			);
			path = Base;
			sourceTree = "<group>";
		};
		973B96022A79D53C00C7E779 /* User */ = {
			isa = PBXGroup;
			children = (
				973B96052A79D55900C7E779 /* UserRequest.swift */,
				973B96072A79D56900C7E779 /* GetMyNotesRequests.swift */,
			);
			path = User;
			sourceTree = "<group>";
		};
		973B96032A79D54100C7E779 /* Auth */ = {
			isa = PBXGroup;
			children = (
				973B96092A79D57800C7E779 /* RegisterRequest.swift */,
				973B960B2A79D57E00C7E779 /* LoginRequest.swift */,
				973B96182A79F3E500C7E779 /* ForgotRequest.swift */,
			);
			path = Auth;
			sourceTree = "<group>";
		};
		973B96042A79D54600C7E779 /* Note */ = {
			isa = PBXGroup;
			children = (
				973B960D2A79D58F00C7E779 /* GetNoteRequest.swift */,
			);
			path = Note;
			sourceTree = "<group>";
		};
		973B960F2A79D5CC00C7E779 /* Core */ = {
			isa = PBXGroup;
			children = (
				973B96102A79D5DB00C7E779 /* RequestProtocol.swift */,
				973B96122A79D5E600C7E779 /* NetworkManager.swift */,
			);
			path = Core;
			sourceTree = "<group>";
		};
		97A78FBA2A7C254800F40C22 /* SearchBar */ = {
			isa = PBXGroup;
			children = (
				97A78FBB2A7C255400F40C22 /* SearchBar.swift */,
			);
			path = SearchBar;
			sourceTree = "<group>";
		};
		97C0CFE02A80C10C00EC77C8 /* Toast */ = {
			isa = PBXGroup;
			children = (
				97C0CFE12A80C12500EC77C8 /* ToastWarningView.swift */,
				97C0CFE32A80C13600EC77C8 /* ToastPresenter.swift */,
			);
			path = Toast;
			sourceTree = "<group>";
		};
		97C0CFE52A80E85300EC77C8 /* Note */ = {
			isa = PBXGroup;
			children = (
				97C0CFE62A80E86500EC77C8 /* AddNoteViewController.swift */,
				97C0CFE82A80E87000EC77C8 /* EditNoteViewController.swift */,
				97C0CFEA2A80E88F00EC77C8 /* AddNoteViewModel.swift */,
				97C0CFEC2A80E89E00EC77C8 /* EditNoteViewModel.swift */,
			);
			path = Note;
			sourceTree = "<group>";
		};
		97CAD5962A5EAA1100ADB7B3 = {
			isa = PBXGroup;
			children = (
				97CAD5A12A5EAA1100ADB7B3 /* basicNoteApp */,
				97CAD5A02A5EAA1100ADB7B3 /* Products */,
				34AF5DE55D02A0F010B3DD23 /* Pods */,
				6CDDE5FB18561C90D18A3775 /* Frameworks */,
			);
			sourceTree = "<group>";
		};
		97CAD5A02A5EAA1100ADB7B3 /* Products */ = {
			isa = PBXGroup;
			children = (
				97CAD59F2A5EAA1100ADB7B3 /* basicNoteApp.app */,
			);
			name = Products;
			sourceTree = "<group>";
		};
		97CAD5A12A5EAA1100ADB7B3 /* basicNoteApp */ = {
			isa = PBXGroup;
			children = (
				973B95EF2A77C51800C7E779 /* UIComponents */,
				97CAD5C82A60237C00ADB7B3 /* Validations */,
				97CAD5C32A6020A600ADB7B3 /* DataProvider */,
				97CAD5BD2A6015BF00ADB7B3 /* Utilities */,
				97CAD5B62A5EDDC800ADB7B3 /* Scenes */,
				97CAD5A22A5EAA1100ADB7B3 /* AppDelegate.swift */,
				97CAD5A42A5EAA1100ADB7B3 /* SceneDelegate.swift */,
				97CAD5A62A5EAA1100ADB7B3 /* ViewController.swift */,
				97CAD5AB2A5EAA1200ADB7B3 /* Assets.xcassets */,
				97CAD5AD2A5EAA1200ADB7B3 /* LaunchScreen.storyboard */,
				97CAD5B02A5EAA1200ADB7B3 /* Info.plist */,
			);
			path = basicNoteApp;
			sourceTree = "<group>";
		};
		97CAD5B62A5EDDC800ADB7B3 /* Scenes */ = {
			isa = PBXGroup;
			children = (
				97C0CFE52A80E85300EC77C8 /* Note */,
				970A670D2A7C986B00FA46AE /* Profile */,
				973B95FB2A787F8F00C7E779 /* Base */,
				97CAD5D02A606B2300ADB7B3 /* Home */,
				97CAD5B72A5EDDD500ADB7B3 /* Auth */,
			);
			path = Scenes;
			sourceTree = "<group>";
		};
		97CAD5B72A5EDDD500ADB7B3 /* Auth */ = {
			isa = PBXGroup;
			children = (
				973B95F62A77D06E00C7E779 /* ForgotPassword */,
				97CAD5D32A61439300ADB7B3 /* SignIn */,
				97CAD5B82A5EDDE400ADB7B3 /* Register */,
			);
			path = Auth;
			sourceTree = "<group>";
		};
		97CAD5B82A5EDDE400ADB7B3 /* Register */ = {
			isa = PBXGroup;
			children = (
				97CAD5B92A5EDE5800ADB7B3 /* RegisterViewController.swift */,
				97CAD5BB2A5EDE6600ADB7B3 /* RegisterViewModel.swift */,
			);
			path = Register;
			sourceTree = "<group>";
		};
		97CAD5BD2A6015BF00ADB7B3 /* Utilities */ = {
			isa = PBXGroup;
			children = (
				97CAD5BE2A6015C700ADB7B3 /* Extensions */,
			);
			path = Utilities;
			sourceTree = "<group>";
		};
		97CAD5BE2A6015C700ADB7B3 /* Extensions */ = {
			isa = PBXGroup;
			children = (
				97CAD5BF2A6015EF00ADB7B3 /* TextField+Extensions.swift */,
				97CAD5D62A614E4900ADB7B3 /* Keyboard+Extensions.swift */,
				97A78FB82A7C1B6800F40C22 /* UIImage+Extensions.swift */,
			);
			path = Extensions;
			sourceTree = "<group>";
		};
		97CAD5C32A6020A600ADB7B3 /* DataProvider */ = {
			isa = PBXGroup;
			children = (
				97CAD5C42A6020AF00ADB7B3 /* DataProvider */,
			);
			path = DataProvider;
			sourceTree = "<group>";
		};
		97CAD5C42A6020AF00ADB7B3 /* DataProvider */ = {
			isa = PBXGroup;
			children = (
				973B960F2A79D5CC00C7E779 /* Core */,
				97CAD5CD2A602A5F00ADB7B3 /* Requests */,
				97CAD5C52A6020B600ADB7B3 /* Model */,
			);
			path = DataProvider;
			sourceTree = "<group>";
		};
		97CAD5C52A6020B600ADB7B3 /* Model */ = {
			isa = PBXGroup;
			children = (
				97CAD5C62A6020D300ADB7B3 /* User.swift */,
				97C546972A713B1F00F16CE1 /* BaseResponse.swift */,
				97C546992A713C0B00F16CE1 /* Auth.swift */,
				973B95FE2A79D4FF00C7E779 /* Notes.swift */,
				973B96142A79E16700C7E779 /* ErrorResponse.swift */,
			);
			path = Model;
			sourceTree = "<group>";
		};
		97CAD5C82A60237C00ADB7B3 /* Validations */ = {
			isa = PBXGroup;
			children = (
				97CAD5D82A6150FA00ADB7B3 /* Classes */,
				97CAD5CA2A60239F00ADB7B3 /* Constants */,
			);
			path = Validations;
			sourceTree = "<group>";
		};
		97CAD5CA2A60239F00ADB7B3 /* Constants */ = {
			isa = PBXGroup;
			children = (
				97CAD5CB2A6023B400ADB7B3 /* ValidationConstants.swift */,
			);
			path = Constants;
			sourceTree = "<group>";
		};
		97CAD5CD2A602A5F00ADB7B3 /* Requests */ = {
			isa = PBXGroup;
			children = (
				973B96042A79D54600C7E779 /* Note */,
				973B96032A79D54100C7E779 /* Auth */,
				973B96022A79D53C00C7E779 /* User */,
			);
			path = Requests;
			sourceTree = "<group>";
		};
		97CAD5D02A606B2300ADB7B3 /* Home */ = {
			isa = PBXGroup;
			children = (
				97CAD5D12A606B3B00ADB7B3 /* HomeViewController.swift */,
			);
			path = Home;
			sourceTree = "<group>";
		};
		97CAD5D32A61439300ADB7B3 /* SignIn */ = {
			isa = PBXGroup;
			children = (
				97CAD5D42A6143A600ADB7B3 /* SignInViewController.swift */,
				97C0CFEE2A80E8C300EC77C8 /* SignInViewModel.swift */,
			);
			path = SignIn;
			sourceTree = "<group>";
		};
		97CAD5D82A6150FA00ADB7B3 /* Classes */ = {
			isa = PBXGroup;
			children = (
				97CAD5D92A61511400ADB7B3 /* InputValidator.swift */,
			);
			path = Classes;
			sourceTree = "<group>";
		};
/* End PBXGroup section */

/* Begin PBXNativeTarget section */
		97CAD59E2A5EAA1100ADB7B3 /* basicNoteApp */ = {
			isa = PBXNativeTarget;
			buildConfigurationList = 97CAD5B32A5EAA1200ADB7B3 /* Build configuration list for PBXNativeTarget "basicNoteApp" */;
			buildPhases = (
				B487DF2A7C7062B5C3D39960 /* [CP] Check Pods Manifest.lock */,
				97CAD59B2A5EAA1100ADB7B3 /* Sources */,
				97CAD59C2A5EAA1100ADB7B3 /* Frameworks */,
				97CAD59D2A5EAA1100ADB7B3 /* Resources */,
				4BCD8CCA9B8151BABB308595 /* [CP] Embed Pods Frameworks */,
			);
			buildRules = (
			);
			dependencies = (
			);
			name = basicNoteApp;
			productName = basicNoteApp;
			productReference = 97CAD59F2A5EAA1100ADB7B3 /* basicNoteApp.app */;
			productType = "com.apple.product-type.application";
		};
/* End PBXNativeTarget section */

/* Begin PBXProject section */
		97CAD5972A5EAA1100ADB7B3 /* Project object */ = {
			isa = PBXProject;
			attributes = {
				BuildIndependentTargetsInParallel = 1;
				LastSwiftUpdateCheck = 1430;
				LastUpgradeCheck = 1430;
				TargetAttributes = {
					97CAD59E2A5EAA1100ADB7B3 = {
						CreatedOnToolsVersion = 14.3.1;
					};
				};
			};
			buildConfigurationList = 97CAD59A2A5EAA1100ADB7B3 /* Build configuration list for PBXProject "basicNoteApp" */;
			compatibilityVersion = "Xcode 14.0";
			developmentRegion = en;
			hasScannedForEncodings = 0;
			knownRegions = (
				en,
				Base,
			);
			mainGroup = 97CAD5962A5EAA1100ADB7B3;
			productRefGroup = 97CAD5A02A5EAA1100ADB7B3 /* Products */;
			projectDirPath = "";
			projectRoot = "";
			targets = (
				97CAD59E2A5EAA1100ADB7B3 /* basicNoteApp */,
			);
		};
/* End PBXProject section */

/* Begin PBXResourcesBuildPhase section */
		97CAD59D2A5EAA1100ADB7B3 /* Resources */ = {
			isa = PBXResourcesBuildPhase;
			buildActionMask = 2147483647;
			files = (
				97CAD5AF2A5EAA1200ADB7B3 /* LaunchScreen.storyboard in Resources */,
				97CAD5AC2A5EAA1200ADB7B3 /* Assets.xcassets in Resources */,
			);
			runOnlyForDeploymentPostprocessing = 0;
		};
/* End PBXResourcesBuildPhase section */

/* Begin PBXShellScriptBuildPhase section */
		4BCD8CCA9B8151BABB308595 /* [CP] Embed Pods Frameworks */ = {
			isa = PBXShellScriptBuildPhase;
			buildActionMask = 2147483647;
			files = (
			);
			inputFileListPaths = (
				"${PODS_ROOT}/Target Support Files/Pods-basicNoteApp/Pods-basicNoteApp-frameworks-${CONFIGURATION}-input-files.xcfilelist",
			);
			name = "[CP] Embed Pods Frameworks";
			outputFileListPaths = (
				"${PODS_ROOT}/Target Support Files/Pods-basicNoteApp/Pods-basicNoteApp-frameworks-${CONFIGURATION}-output-files.xcfilelist",
			);
			runOnlyForDeploymentPostprocessing = 0;
			shellPath = /bin/sh;
			shellScript = "\"${PODS_ROOT}/Target Support Files/Pods-basicNoteApp/Pods-basicNoteApp-frameworks.sh\"\n";
			showEnvVarsInLog = 0;
		};
		B487DF2A7C7062B5C3D39960 /* [CP] Check Pods Manifest.lock */ = {
			isa = PBXShellScriptBuildPhase;
			buildActionMask = 2147483647;
			files = (
			);
			inputFileListPaths = (
			);
			inputPaths = (
				"${PODS_PODFILE_DIR_PATH}/Podfile.lock",
				"${PODS_ROOT}/Manifest.lock",
			);
			name = "[CP] Check Pods Manifest.lock";
			outputFileListPaths = (
			);
			outputPaths = (
				"$(DERIVED_FILE_DIR)/Pods-basicNoteApp-checkManifestLockResult.txt",
			);
			runOnlyForDeploymentPostprocessing = 0;
			shellPath = /bin/sh;
			shellScript = "diff \"${PODS_PODFILE_DIR_PATH}/Podfile.lock\" \"${PODS_ROOT}/Manifest.lock\" > /dev/null\nif [ $? != 0 ] ; then\n    # print error to STDERR\n    echo \"error: The sandbox is not in sync with the Podfile.lock. Run 'pod install' or update your CocoaPods installation.\" >&2\n    exit 1\nfi\n# This output is used by Xcode 'outputs' to avoid re-running this script phase.\necho \"SUCCESS\" > \"${SCRIPT_OUTPUT_FILE_0}\"\n";
			showEnvVarsInLog = 0;
		};
/* End PBXShellScriptBuildPhase section */

/* Begin PBXSourcesBuildPhase section */
		97CAD59B2A5EAA1100ADB7B3 /* Sources */ = {
			isa = PBXSourcesBuildPhase;
			buildActionMask = 2147483647;
			files = (
				97C0CFEB2A80E88F00EC77C8 /* AddNoteViewModel.swift in Sources */,
				97C546982A713B1F00F16CE1 /* BaseResponse.swift in Sources */,
				97CAD5D52A6143A600ADB7B3 /* SignInViewController.swift in Sources */,
				973B96062A79D55900C7E779 /* UserRequest.swift in Sources */,
				97C0CFE42A80C13600EC77C8 /* ToastPresenter.swift in Sources */,
				97CAD5A72A5EAA1100ADB7B3 /* ViewController.swift in Sources */,
				973B95FA2A77D09800C7E779 /* ForgotPasswordViewModel.swift in Sources */,
				97C5469A2A713C0B00F16CE1 /* Auth.swift in Sources */,
				97C0CFEF2A80E8C300EC77C8 /* SignInViewModel.swift in Sources */,
				97A78FBC2A7C255400F40C22 /* SearchBar.swift in Sources */,
				97CAD5BC2A5EDE6600ADB7B3 /* RegisterViewModel.swift in Sources */,
				97CAD5D72A614E4900ADB7B3 /* Keyboard+Extensions.swift in Sources */,
				97C0CFE92A80E87000EC77C8 /* EditNoteViewController.swift in Sources */,
				973B96112A79D5DB00C7E779 /* RequestProtocol.swift in Sources */,
				97CAD5DA2A61511400ADB7B3 /* InputValidator.swift in Sources */,
				973B95F22A77C53900C7E779 /* ButtonStackView.swift in Sources */,
				97CAD5A32A5EAA1100ADB7B3 /* AppDelegate.swift in Sources */,
				970A67172A7CACA100FA46AE /* ChangePasswordViewModel.swift in Sources */,
				970A67152A7CAC9500FA46AE /* ChangePasswordViewController.swift in Sources */,
				97CAD5A52A5EAA1100ADB7B3 /* SceneDelegate.swift in Sources */,
				97CAD5D22A606B3B00ADB7B3 /* HomeViewController.swift in Sources */,
				970A671A2A7CB2C800FA46AE /* NoteCell.swift in Sources */,
				973B960A2A79D57800C7E779 /* RegisterRequest.swift in Sources */,
				973B96192A79F3E500C7E779 /* ForgotRequest.swift in Sources */,
				973B95FD2A787FA200C7E779 /* BaseViewController.swift in Sources */,
				97A78FBF2A7C26D200F40C22 /* MainNavigationController.swift in Sources */,
				97CAD5CC2A6023B400ADB7B3 /* ValidationConstants.swift in Sources */,
				97CAD5BA2A5EDE5800ADB7B3 /* RegisterViewController.swift in Sources */,
				973B960E2A79D58F00C7E779 /* GetNoteRequest.swift in Sources */,
				97C0CFE22A80C12500EC77C8 /* ToastWarningView.swift in Sources */,
				973B960C2A79D57E00C7E779 /* LoginRequest.swift in Sources */,
				97C0CFE72A80E86500EC77C8 /* AddNoteViewController.swift in Sources */,
				973B95F82A77D08900C7E779 /* ForgotPasswordViewController.swift in Sources */,
				970A67132A7C989300FA46AE /* ProfileViewController.swift in Sources */,
				973B95FF2A79D4FF00C7E779 /* Notes.swift in Sources */,
				973B96082A79D56900C7E779 /* GetMyNotesRequests.swift in Sources */,
				973B96132A79D5E600C7E779 /* NetworkManager.swift in Sources */,
				97C0CFED2A80E89E00EC77C8 /* EditNoteViewModel.swift in Sources */,
				97CAD5C02A6015EF00ADB7B3 /* TextField+Extensions.swift in Sources */,
				973B95F52A77CEC700C7E779 /* AuthTextField.swift in Sources */,
				970A67112A7C988000FA46AE /* ProfileViewModel.swift in Sources */,
				97A78FB92A7C1B6800F40C22 /* UIImage+Extensions.swift in Sources */,
				97CAD5C72A6020D300ADB7B3 /* User.swift in Sources */,
				973B96152A79E16700C7E779 /* ErrorResponse.swift in Sources */,
			);
			runOnlyForDeploymentPostprocessing = 0;
		};
/* End PBXSourcesBuildPhase section */

/* Begin PBXVariantGroup section */
		97CAD5AD2A5EAA1200ADB7B3 /* LaunchScreen.storyboard */ = {
			isa = PBXVariantGroup;
			children = (
				97CAD5AE2A5EAA1200ADB7B3 /* Base */,
			);
			name = LaunchScreen.storyboard;
			sourceTree = "<group>";
		};
/* End PBXVariantGroup section */

/* Begin XCBuildConfiguration section */
		97CAD5B12A5EAA1200ADB7B3 /* Debug */ = {
			isa = XCBuildConfiguration;
			buildSettings = {
				ALWAYS_SEARCH_USER_PATHS = NO;
				CLANG_ANALYZER_NONNULL = YES;
				CLANG_ANALYZER_NUMBER_OBJECT_CONVERSION = YES_AGGRESSIVE;
				CLANG_CXX_LANGUAGE_STANDARD = "gnu++20";
				CLANG_ENABLE_MODULES = YES;
				CLANG_ENABLE_OBJC_ARC = YES;
				CLANG_ENABLE_OBJC_WEAK = YES;
				CLANG_WARN_BLOCK_CAPTURE_AUTORELEASING = YES;
				CLANG_WARN_BOOL_CONVERSION = YES;
				CLANG_WARN_COMMA = YES;
				CLANG_WARN_CONSTANT_CONVERSION = YES;
				CLANG_WARN_DEPRECATED_OBJC_IMPLEMENTATIONS = YES;
				CLANG_WARN_DIRECT_OBJC_ISA_USAGE = YES_ERROR;
				CLANG_WARN_DOCUMENTATION_COMMENTS = YES;
				CLANG_WARN_EMPTY_BODY = YES;
				CLANG_WARN_ENUM_CONVERSION = YES;
				CLANG_WARN_INFINITE_RECURSION = YES;
				CLANG_WARN_INT_CONVERSION = YES;
				CLANG_WARN_NON_LITERAL_NULL_CONVERSION = YES;
				CLANG_WARN_OBJC_IMPLICIT_RETAIN_SELF = YES;
				CLANG_WARN_OBJC_LITERAL_CONVERSION = YES;
				CLANG_WARN_OBJC_ROOT_CLASS = YES_ERROR;
				CLANG_WARN_QUOTED_INCLUDE_IN_FRAMEWORK_HEADER = YES;
				CLANG_WARN_RANGE_LOOP_ANALYSIS = YES;
				CLANG_WARN_STRICT_PROTOTYPES = YES;
				CLANG_WARN_SUSPICIOUS_MOVE = YES;
				CLANG_WARN_UNGUARDED_AVAILABILITY = YES_AGGRESSIVE;
				CLANG_WARN_UNREACHABLE_CODE = YES;
				CLANG_WARN__DUPLICATE_METHOD_MATCH = YES;
				COPY_PHASE_STRIP = NO;
				DEBUG_INFORMATION_FORMAT = dwarf;
				ENABLE_STRICT_OBJC_MSGSEND = YES;
				ENABLE_TESTABILITY = YES;
				GCC_C_LANGUAGE_STANDARD = gnu11;
				GCC_DYNAMIC_NO_PIC = NO;
				GCC_NO_COMMON_BLOCKS = YES;
				GCC_OPTIMIZATION_LEVEL = 0;
				GCC_PREPROCESSOR_DEFINITIONS = (
					"DEBUG=1",
					"$(inherited)",
				);
				GCC_WARN_64_TO_32_BIT_CONVERSION = YES;
				GCC_WARN_ABOUT_RETURN_TYPE = YES_ERROR;
				GCC_WARN_UNDECLARED_SELECTOR = YES;
				GCC_WARN_UNINITIALIZED_AUTOS = YES_AGGRESSIVE;
				GCC_WARN_UNUSED_FUNCTION = YES;
				GCC_WARN_UNUSED_VARIABLE = YES;
				IPHONEOS_DEPLOYMENT_TARGET = 16.4;
				MTL_ENABLE_DEBUG_INFO = INCLUDE_SOURCE;
				MTL_FAST_MATH = YES;
				ONLY_ACTIVE_ARCH = YES;
				SDKROOT = iphoneos;
				SWIFT_ACTIVE_COMPILATION_CONDITIONS = DEBUG;
				SWIFT_OPTIMIZATION_LEVEL = "-Onone";
			};
			name = Debug;
		};
		97CAD5B22A5EAA1200ADB7B3 /* Release */ = {
			isa = XCBuildConfiguration;
			buildSettings = {
				ALWAYS_SEARCH_USER_PATHS = NO;
				CLANG_ANALYZER_NONNULL = YES;
				CLANG_ANALYZER_NUMBER_OBJECT_CONVERSION = YES_AGGRESSIVE;
				CLANG_CXX_LANGUAGE_STANDARD = "gnu++20";
				CLANG_ENABLE_MODULES = YES;
				CLANG_ENABLE_OBJC_ARC = YES;
				CLANG_ENABLE_OBJC_WEAK = YES;
				CLANG_WARN_BLOCK_CAPTURE_AUTORELEASING = YES;
				CLANG_WARN_BOOL_CONVERSION = YES;
				CLANG_WARN_COMMA = YES;
				CLANG_WARN_CONSTANT_CONVERSION = YES;
				CLANG_WARN_DEPRECATED_OBJC_IMPLEMENTATIONS = YES;
				CLANG_WARN_DIRECT_OBJC_ISA_USAGE = YES_ERROR;
				CLANG_WARN_DOCUMENTATION_COMMENTS = YES;
				CLANG_WARN_EMPTY_BODY = YES;
				CLANG_WARN_ENUM_CONVERSION = YES;
				CLANG_WARN_INFINITE_RECURSION = YES;
				CLANG_WARN_INT_CONVERSION = YES;
				CLANG_WARN_NON_LITERAL_NULL_CONVERSION = YES;
				CLANG_WARN_OBJC_IMPLICIT_RETAIN_SELF = YES;
				CLANG_WARN_OBJC_LITERAL_CONVERSION = YES;
				CLANG_WARN_OBJC_ROOT_CLASS = YES_ERROR;
				CLANG_WARN_QUOTED_INCLUDE_IN_FRAMEWORK_HEADER = YES;
				CLANG_WARN_RANGE_LOOP_ANALYSIS = YES;
				CLANG_WARN_STRICT_PROTOTYPES = YES;
				CLANG_WARN_SUSPICIOUS_MOVE = YES;
				CLANG_WARN_UNGUARDED_AVAILABILITY = YES_AGGRESSIVE;
				CLANG_WARN_UNREACHABLE_CODE = YES;
				CLANG_WARN__DUPLICATE_METHOD_MATCH = YES;
				COPY_PHASE_STRIP = NO;
				DEBUG_INFORMATION_FORMAT = "dwarf-with-dsym";
				ENABLE_NS_ASSERTIONS = NO;
				ENABLE_STRICT_OBJC_MSGSEND = YES;
				GCC_C_LANGUAGE_STANDARD = gnu11;
				GCC_NO_COMMON_BLOCKS = YES;
				GCC_WARN_64_TO_32_BIT_CONVERSION = YES;
				GCC_WARN_ABOUT_RETURN_TYPE = YES_ERROR;
				GCC_WARN_UNDECLARED_SELECTOR = YES;
				GCC_WARN_UNINITIALIZED_AUTOS = YES_AGGRESSIVE;
				GCC_WARN_UNUSED_FUNCTION = YES;
				GCC_WARN_UNUSED_VARIABLE = YES;
				IPHONEOS_DEPLOYMENT_TARGET = 16.4;
				MTL_ENABLE_DEBUG_INFO = NO;
				MTL_FAST_MATH = YES;
				SDKROOT = iphoneos;
				SWIFT_COMPILATION_MODE = wholemodule;
				SWIFT_OPTIMIZATION_LEVEL = "-O";
				VALIDATE_PRODUCT = YES;
			};
			name = Release;
		};
		97CAD5B42A5EAA1200ADB7B3 /* Debug */ = {
			isa = XCBuildConfiguration;
			baseConfigurationReference = 99000ED48CB989B31FD40F26 /* Pods-basicNoteApp.debug.xcconfig */;
			buildSettings = {
				ASSETCATALOG_COMPILER_APPICON_NAME = AppIcon;
				ASSETCATALOG_COMPILER_GLOBAL_ACCENT_COLOR_NAME = AccentColor;
				CODE_SIGN_STYLE = Automatic;
				CURRENT_PROJECT_VERSION = 1;
				DEVELOPMENT_TEAM = 359Y3S95FM;
				GENERATE_INFOPLIST_FILE = YES;
				INFOPLIST_FILE = basicNoteApp/Info.plist;
				INFOPLIST_KEY_UIApplicationSupportsIndirectInputEvents = YES;
				INFOPLIST_KEY_UILaunchStoryboardName = LaunchScreen;
				INFOPLIST_KEY_UISupportedInterfaceOrientations_iPad = "UIInterfaceOrientationPortrait UIInterfaceOrientationPortraitUpsideDown UIInterfaceOrientationLandscapeLeft UIInterfaceOrientationLandscapeRight";
				INFOPLIST_KEY_UISupportedInterfaceOrientations_iPhone = "UIInterfaceOrientationPortrait UIInterfaceOrientationLandscapeLeft UIInterfaceOrientationLandscapeRight";
				LD_RUNPATH_SEARCH_PATHS = (
					"$(inherited)",
					"@executable_path/Frameworks",
				);
				MARKETING_VERSION = 1.0;
				PRODUCT_BUNDLE_IDENTIFIER = com.aliburakbarac.basicNoteApp;
				PRODUCT_NAME = "$(TARGET_NAME)";
				SWIFT_EMIT_LOC_STRINGS = YES;
				SWIFT_VERSION = 5.0;
				TARGETED_DEVICE_FAMILY = "1,2";
			};
			name = Debug;
		};
		97CAD5B52A5EAA1200ADB7B3 /* Release */ = {
			isa = XCBuildConfiguration;
			baseConfigurationReference = 4C4BB222A86E6736BDAF9D0B /* Pods-basicNoteApp.release.xcconfig */;
			buildSettings = {
				ASSETCATALOG_COMPILER_APPICON_NAME = AppIcon;
				ASSETCATALOG_COMPILER_GLOBAL_ACCENT_COLOR_NAME = AccentColor;
				CODE_SIGN_STYLE = Automatic;
				CURRENT_PROJECT_VERSION = 1;
				DEVELOPMENT_TEAM = 359Y3S95FM;
				GENERATE_INFOPLIST_FILE = YES;
				INFOPLIST_FILE = basicNoteApp/Info.plist;
				INFOPLIST_KEY_UIApplicationSupportsIndirectInputEvents = YES;
				INFOPLIST_KEY_UILaunchStoryboardName = LaunchScreen;
				INFOPLIST_KEY_UISupportedInterfaceOrientations_iPad = "UIInterfaceOrientationPortrait UIInterfaceOrientationPortraitUpsideDown UIInterfaceOrientationLandscapeLeft UIInterfaceOrientationLandscapeRight";
				INFOPLIST_KEY_UISupportedInterfaceOrientations_iPhone = "UIInterfaceOrientationPortrait UIInterfaceOrientationLandscapeLeft UIInterfaceOrientationLandscapeRight";
				LD_RUNPATH_SEARCH_PATHS = (
					"$(inherited)",
					"@executable_path/Frameworks",
				);
				MARKETING_VERSION = 1.0;
				PRODUCT_BUNDLE_IDENTIFIER = com.aliburakbarac.basicNoteApp;
				PRODUCT_NAME = "$(TARGET_NAME)";
				SWIFT_EMIT_LOC_STRINGS = YES;
				SWIFT_VERSION = 5.0;
				TARGETED_DEVICE_FAMILY = "1,2";
			};
			name = Release;
		};
/* End XCBuildConfiguration section */

/* Begin XCConfigurationList section */
		97CAD59A2A5EAA1100ADB7B3 /* Build configuration list for PBXProject "basicNoteApp" */ = {
			isa = XCConfigurationList;
			buildConfigurations = (
				97CAD5B12A5EAA1200ADB7B3 /* Debug */,
				97CAD5B22A5EAA1200ADB7B3 /* Release */,
			);
			defaultConfigurationIsVisible = 0;
			defaultConfigurationName = Release;
		};
		97CAD5B32A5EAA1200ADB7B3 /* Build configuration list for PBXNativeTarget "basicNoteApp" */ = {
			isa = XCConfigurationList;
			buildConfigurations = (
				97CAD5B42A5EAA1200ADB7B3 /* Debug */,
				97CAD5B52A5EAA1200ADB7B3 /* Release */,
			);
			defaultConfigurationIsVisible = 0;
			defaultConfigurationName = Release;
		};
/* End XCConfigurationList section */
	};
	rootObject = 97CAD5972A5EAA1100ADB7B3 /* Project object */;
}
